
Microsoft Visual Studio Solution File, Format Version 12.00
# Visual Studio Version 16
VisualStudioVersion = 16.0.810.3
MinimumVisualStudioVersion = 10.0.40219.1
Project("{FAE04EC0-301F-11D3-BF4B-00C04F79EFBC}") = "RestaurantMenu", "RestaurantMenu\RestaurantMenu.csproj", "{C12F2357-8577-4685-899D-B822022256B5}"
EndProject
Global
	GlobalSection(SolutionConfigurationPlatforms) = preSolution
		Debug|Any CPU = Debug|Any CPU
		Release|Any CPU = Release|Any CPU
	EndGlobalSection
	GlobalSection(ProjectConfigurationPlatforms) = postSolution
		{C12F2357-8577-4685-899D-B822022256B5}.Debug|Any CPU.ActiveCfg = Debug|Any CPU
		{C12F2357-8577-4685-899D-B822022256B5}.Debug|Any CPU.Build.0 = Debug|Any CPU
		{C12F2357-8577-4685-899D-B822022256B5}.Release|Any CPU.ActiveCfg = Release|Any CPU
		{C12F2357-8577-4685-899D-B822022256B5}.Release|Any CPU.Build.0 = Release|Any CPU
	EndGlobalSection
	GlobalSection(SolutionProperties) = preSolution
		HideSolutionNode = FALSE
	EndGlobalSection
	GlobalSection(ExtensibilityGlobals) = postSolution
		SolutionGuid = {7A77069D-36A4-4B72-B553-4D3FCD07B858}
	EndGlobalSection
EndGlobal
